// !$*UTF8*$!
{
	archiveVersion = 1;
	classes = {
	};
	objectVersion = 46;
	objects = {

/* Begin PBXBuildFile section */
		2A377AA518D887C500D6FE6C /* Foundation.framework in Frameworks */ = {isa = PBXBuildFile; fileRef = 2A377AA418D887C500D6FE6C /* Foundation.framework */; };
		2A377AA718D887C500D6FE6C /* CoreGraphics.framework in Frameworks */ = {isa = PBXBuildFile; fileRef = 2A377AA618D887C500D6FE6C /* CoreGraphics.framework */; };
		2A377AA918D887C500D6FE6C /* UIKit.framework in Frameworks */ = {isa = PBXBuildFile; fileRef = 2A377AA818D887C500D6FE6C /* UIKit.framework */; };
		2A377AAB18D887C500D6FE6C /* SpriteKit.framework in Frameworks */ = {isa = PBXBuildFile; fileRef = 2A377AAA18D887C500D6FE6C /* SpriteKit.framework */; };
		2A377AB118D887C500D6FE6C /* InfoPlist.strings in Resources */ = {isa = PBXBuildFile; fileRef = 2A377AAF18D887C500D6FE6C /* InfoPlist.strings */; };
		2A377AB318D887C500D6FE6C /* main.m in Sources */ = {isa = PBXBuildFile; fileRef = 2A377AB218D887C500D6FE6C /* main.m */; };
		2A377AB718D887C500D6FE6C /* AppDelegate.m in Sources */ = {isa = PBXBuildFile; fileRef = 2A377AB618D887C500D6FE6C /* AppDelegate.m */; };
		2A377ABA18D887C500D6FE6C /* Main.storyboard in Resources */ = {isa = PBXBuildFile; fileRef = 2A377AB818D887C500D6FE6C /* Main.storyboard */; };
		2A377ABD18D887C500D6FE6C /* ViewController.m in Sources */ = {isa = PBXBuildFile; fileRef = 2A377ABC18D887C500D6FE6C /* ViewController.m */; };
		2A377AC018D887C500D6FE6C /* MyScene.m in Sources */ = {isa = PBXBuildFile; fileRef = 2A377ABF18D887C500D6FE6C /* MyScene.m */; };
		2A377AC218D887C500D6FE6C /* Spaceship.png in Resources */ = {isa = PBXBuildFile; fileRef = 2A377AC118D887C500D6FE6C /* Spaceship.png */; };
		2A377AC418D887C500D6FE6C /* Images.xcassets in Resources */ = {isa = PBXBuildFile; fileRef = 2A377AC318D887C500D6FE6C /* Images.xcassets */; };
		2A377ACB18D887C500D6FE6C /* XCTest.framework in Frameworks */ = {isa = PBXBuildFile; fileRef = 2A377ACA18D887C500D6FE6C /* XCTest.framework */; };
		2A377ACC18D887C500D6FE6C /* Foundation.framework in Frameworks */ = {isa = PBXBuildFile; fileRef = 2A377AA418D887C500D6FE6C /* Foundation.framework */; };
		2A377ACD18D887C500D6FE6C /* UIKit.framework in Frameworks */ = {isa = PBXBuildFile; fileRef = 2A377AA818D887C500D6FE6C /* UIKit.framework */; };
		2A377AD518D887C500D6FE6C /* InfoPlist.strings in Resources */ = {isa = PBXBuildFile; fileRef = 2A377AD318D887C500D6FE6C /* InfoPlist.strings */; };
		2A377AD718D887C500D6FE6C /* SleepDiveTests.m in Sources */ = {isa = PBXBuildFile; fileRef = 2A377AD618D887C500D6FE6C /* SleepDiveTests.m */; };
		2AB14FAD18F3CF810021378C /* SKAction+SKTExtras.m in Sources */ = {isa = PBXBuildFile; fileRef = 2AB14FA418F3CF810021378C /* SKAction+SKTExtras.m */; };
		2AB14FAE18F3CF810021378C /* SKEmitterNode+SKTExtras.m in Sources */ = {isa = PBXBuildFile; fileRef = 2AB14FA618F3CF810021378C /* SKEmitterNode+SKTExtras.m */; };
		2AB14FAF18F3CF810021378C /* SKNode+SKTExtras.m in Sources */ = {isa = PBXBuildFile; fileRef = 2AB14FA818F3CF810021378C /* SKNode+SKTExtras.m */; };
		2AB14FB018F3CF810021378C /* SKTAudio.m in Sources */ = {isa = PBXBuildFile; fileRef = 2AB14FAA18F3CF810021378C /* SKTAudio.m */; };
		2AB14FB118F3CF810021378C /* SKTUtils.mm in Sources */ = {isa = PBXBuildFile; fileRef = 2AB14FAC18F3CF810021378C /* SKTUtils.mm */; };
		2AB14FB418F3CFAD0021378C /* bgmusic.mp3 in Resources */ = {isa = PBXBuildFile; fileRef = 2AB14FB318F3CFAD0021378C /* bgmusic.mp3 */; };
		2AB14FB618F3DB550021378C /* level1.plist in Resources */ = {isa = PBXBuildFile; fileRef = 2AB14FB518F3DB550021378C /* level1.plist */; };
/* End PBXBuildFile section */

/* Begin PBXContainerItemProxy section */
		2A377ACE18D887C500D6FE6C /* PBXContainerItemProxy */ = {
			isa = PBXContainerItemProxy;
			containerPortal = 2A377A9918D887C500D6FE6C /* Project object */;
			proxyType = 1;
			remoteGlobalIDString = 2A377AA018D887C500D6FE6C;
			remoteInfo = SleepDive;
		};
/* End PBXContainerItemProxy section */

/* Begin PBXFileReference section */
		2A377AA118D887C500D6FE6C /* SleepDive.app */ = {isa = PBXFileReference; explicitFileType = wrapper.application; includeInIndex = 0; path = SleepDive.app; sourceTree = BUILT_PRODUCTS_DIR; };
		2A377AA418D887C500D6FE6C /* Foundation.framework */ = {isa = PBXFileReference; lastKnownFileType = wrapper.framework; name = Foundation.framework; path = System/Library/Frameworks/Foundation.framework; sourceTree = SDKROOT; };
		2A377AA618D887C500D6FE6C /* CoreGraphics.framework */ = {isa = PBXFileReference; lastKnownFileType = wrapper.framework; name = CoreGraphics.framework; path = System/Library/Frameworks/CoreGraphics.framework; sourceTree = SDKROOT; };
		2A377AA818D887C500D6FE6C /* UIKit.framework */ = {isa = PBXFileReference; lastKnownFileType = wrapper.framework; name = UIKit.framework; path = System/Library/Frameworks/UIKit.framework; sourceTree = SDKROOT; };
		2A377AAA18D887C500D6FE6C /* SpriteKit.framework */ = {isa = PBXFileReference; lastKnownFileType = wrapper.framework; name = SpriteKit.framework; path = System/Library/Frameworks/SpriteKit.framework; sourceTree = SDKROOT; };
		2A377AAE18D887C500D6FE6C /* SleepDive-Info.plist */ = {isa = PBXFileReference; lastKnownFileType = text.plist.xml; path = "SleepDive-Info.plist"; sourceTree = "<group>"; };
		2A377AB018D887C500D6FE6C /* en */ = {isa = PBXFileReference; lastKnownFileType = text.plist.strings; name = en; path = en.lproj/InfoPlist.strings; sourceTree = "<group>"; };
		2A377AB218D887C500D6FE6C /* main.m */ = {isa = PBXFileReference; lastKnownFileType = sourcecode.c.objc; path = main.m; sourceTree = "<group>"; };
		2A377AB418D887C500D6FE6C /* SleepDive-Prefix.pch */ = {isa = PBXFileReference; lastKnownFileType = sourcecode.c.h; path = "SleepDive-Prefix.pch"; sourceTree = "<group>"; };
		2A377AB518D887C500D6FE6C /* AppDelegate.h */ = {isa = PBXFileReference; lastKnownFileType = sourcecode.c.h; path = AppDelegate.h; sourceTree = "<group>"; };
		2A377AB618D887C500D6FE6C /* AppDelegate.m */ = {isa = PBXFileReference; lastKnownFileType = sourcecode.c.objc; path = AppDelegate.m; sourceTree = "<group>"; };
		2A377AB918D887C500D6FE6C /* Base */ = {isa = PBXFileReference; lastKnownFileType = file.storyboard; name = Base; path = Base.lproj/Main.storyboard; sourceTree = "<group>"; };
		2A377ABB18D887C500D6FE6C /* ViewController.h */ = {isa = PBXFileReference; lastKnownFileType = sourcecode.c.h; path = ViewController.h; sourceTree = "<group>"; };
		2A377ABC18D887C500D6FE6C /* ViewController.m */ = {isa = PBXFileReference; lastKnownFileType = sourcecode.c.objc; path = ViewController.m; sourceTree = "<group>"; };
		2A377ABE18D887C500D6FE6C /* MyScene.h */ = {isa = PBXFileReference; lastKnownFileType = sourcecode.c.h; path = MyScene.h; sourceTree = "<group>"; };
		2A377ABF18D887C500D6FE6C /* MyScene.m */ = {isa = PBXFileReference; lastKnownFileType = sourcecode.c.objc; path = MyScene.m; sourceTree = "<group>"; };
		2A377AC118D887C500D6FE6C /* Spaceship.png */ = {isa = PBXFileReference; lastKnownFileType = image.png; path = Spaceship.png; sourceTree = "<group>"; };
		2A377AC318D887C500D6FE6C /* Images.xcassets */ = {isa = PBXFileReference; lastKnownFileType = folder.assetcatalog; path = Images.xcassets; sourceTree = "<group>"; };
		2A377AC918D887C500D6FE6C /* SleepDiveTests.xctest */ = {isa = PBXFileReference; explicitFileType = wrapper.cfbundle; includeInIndex = 0; path = SleepDiveTests.xctest; sourceTree = BUILT_PRODUCTS_DIR; };
		2A377ACA18D887C500D6FE6C /* XCTest.framework */ = {isa = PBXFileReference; lastKnownFileType = wrapper.framework; name = XCTest.framework; path = Library/Frameworks/XCTest.framework; sourceTree = DEVELOPER_DIR; };
		2A377AD218D887C500D6FE6C /* SleepDiveTests-Info.plist */ = {isa = PBXFileReference; lastKnownFileType = text.plist.xml; path = "SleepDiveTests-Info.plist"; sourceTree = "<group>"; };
		2A377AD418D887C500D6FE6C /* en */ = {isa = PBXFileReference; lastKnownFileType = text.plist.strings; name = en; path = en.lproj/InfoPlist.strings; sourceTree = "<group>"; };
		2A377AD618D887C500D6FE6C /* SleepDiveTests.m */ = {isa = PBXFileReference; lastKnownFileType = sourcecode.c.objc; path = SleepDiveTests.m; sourceTree = "<group>"; };
		2AB14FA318F3CF810021378C /* SKAction+SKTExtras.h */ = {isa = PBXFileReference; fileEncoding = 4; lastKnownFileType = sourcecode.c.h; path = "SKAction+SKTExtras.h"; sourceTree = "<group>"; };
		2AB14FA418F3CF810021378C /* SKAction+SKTExtras.m */ = {isa = PBXFileReference; fileEncoding = 4; lastKnownFileType = sourcecode.c.objc; path = "SKAction+SKTExtras.m"; sourceTree = "<group>"; };
		2AB14FA518F3CF810021378C /* SKEmitterNode+SKTExtras.h */ = {isa = PBXFileReference; fileEncoding = 4; lastKnownFileType = sourcecode.c.h; path = "SKEmitterNode+SKTExtras.h"; sourceTree = "<group>"; };
		2AB14FA618F3CF810021378C /* SKEmitterNode+SKTExtras.m */ = {isa = PBXFileReference; fileEncoding = 4; lastKnownFileType = sourcecode.c.objc; path = "SKEmitterNode+SKTExtras.m"; sourceTree = "<group>"; };
		2AB14FA718F3CF810021378C /* SKNode+SKTExtras.h */ = {isa = PBXFileReference; fileEncoding = 4; lastKnownFileType = sourcecode.c.h; path = "SKNode+SKTExtras.h"; sourceTree = "<group>"; };
		2AB14FA818F3CF810021378C /* SKNode+SKTExtras.m */ = {isa = PBXFileReference; fileEncoding = 4; lastKnownFileType = sourcecode.c.objc; path = "SKNode+SKTExtras.m"; sourceTree = "<group>"; };
		2AB14FA918F3CF810021378C /* SKTAudio.h */ = {isa = PBXFileReference; fileEncoding = 4; lastKnownFileType = sourcecode.c.h; path = SKTAudio.h; sourceTree = "<group>"; };
		2AB14FAA18F3CF810021378C /* SKTAudio.m */ = {isa = PBXFileReference; fileEncoding = 4; lastKnownFileType = sourcecode.c.objc; path = SKTAudio.m; sourceTree = "<group>"; };
		2AB14FAB18F3CF810021378C /* SKTUtils.h */ = {isa = PBXFileReference; fileEncoding = 4; lastKnownFileType = sourcecode.c.h; path = SKTUtils.h; sourceTree = "<group>"; };
		2AB14FAC18F3CF810021378C /* SKTUtils.mm */ = {isa = PBXFileReference; fileEncoding = 4; lastKnownFileType = sourcecode.cpp.objcpp; path = SKTUtils.mm; sourceTree = "<group>"; };
		2AB14FB318F3CFAD0021378C /* bgmusic.mp3 */ = {isa = PBXFileReference; lastKnownFileType = audio.mp3; path = bgmusic.mp3; sourceTree = "<group>"; };
		2AB14FB518F3DB550021378C /* level1.plist */ = {isa = PBXFileReference; fileEncoding = 4; lastKnownFileType = text.plist.xml; name = level1.plist; path = ../../illustration/levels/level1.plist; sourceTree = "<group>"; };
/* End PBXFileReference section */

/* Begin PBXFrameworksBuildPhase section */
		2A377A9E18D887C500D6FE6C /* Frameworks */ = {
			isa = PBXFrameworksBuildPhase;
			buildActionMask = 2147483647;
			files = (
				2A377AA718D887C500D6FE6C /* CoreGraphics.framework in Frameworks */,
				2A377AA918D887C500D6FE6C /* UIKit.framework in Frameworks */,
				2A377AAB18D887C500D6FE6C /* SpriteKit.framework in Frameworks */,
				2A377AA518D887C500D6FE6C /* Foundation.framework in Frameworks */,
			);
			runOnlyForDeploymentPostprocessing = 0;
		};
		2A377AC618D887C500D6FE6C /* Frameworks */ = {
			isa = PBXFrameworksBuildPhase;
			buildActionMask = 2147483647;
			files = (
				2A377ACB18D887C500D6FE6C /* XCTest.framework in Frameworks */,
				2A377ACD18D887C500D6FE6C /* UIKit.framework in Frameworks */,
				2A377ACC18D887C500D6FE6C /* Foundation.framework in Frameworks */,
			);
			runOnlyForDeploymentPostprocessing = 0;
		};
/* End PBXFrameworksBuildPhase section */

/* Begin PBXGroup section */
		2A377A9818D887C500D6FE6C = {
			isa = PBXGroup;
			children = (
				2A377AAC18D887C500D6FE6C /* SleepDive */,
				2A377AD018D887C500D6FE6C /* SleepDiveTests */,
				2A377AA318D887C500D6FE6C /* Frameworks */,
				2A377AA218D887C500D6FE6C /* Products */,
			);
			sourceTree = "<group>";
		};
		2A377AA218D887C500D6FE6C /* Products */ = {
			isa = PBXGroup;
			children = (
				2A377AA118D887C500D6FE6C /* SleepDive.app */,
				2A377AC918D887C500D6FE6C /* SleepDiveTests.xctest */,
			);
			name = Products;
			sourceTree = "<group>";
		};
		2A377AA318D887C500D6FE6C /* Frameworks */ = {
			isa = PBXGroup;
			children = (
				2A377AA418D887C500D6FE6C /* Foundation.framework */,
				2A377AA618D887C500D6FE6C /* CoreGraphics.framework */,
				2A377AA818D887C500D6FE6C /* UIKit.framework */,
				2A377AAA18D887C500D6FE6C /* SpriteKit.framework */,
				2A377ACA18D887C500D6FE6C /* XCTest.framework */,
			);
			name = Frameworks;
			sourceTree = "<group>";
		};
		2A377AAC18D887C500D6FE6C /* SleepDive */ = {
			isa = PBXGroup;
			children = (
				2AB14FA218F3CF810021378C /* SKTUtils */,
				2A377AB518D887C500D6FE6C /* AppDelegate.h */,
				2A377AB618D887C500D6FE6C /* AppDelegate.m */,
				2A377AB818D887C500D6FE6C /* Main.storyboard */,
				2A377ABB18D887C500D6FE6C /* ViewController.h */,
				2A377ABC18D887C500D6FE6C /* ViewController.m */,
				2A377ABE18D887C500D6FE6C /* MyScene.h */,
				2A377ABF18D887C500D6FE6C /* MyScene.m */,
				2A377AC118D887C500D6FE6C /* Spaceship.png */,
				2A377AC318D887C500D6FE6C /* Images.xcassets */,
				2AB14FB218F3CFAD0021378C /* sounds */,
				2A377AAD18D887C500D6FE6C /* Supporting Files */,
			);
			path = SleepDive;
			sourceTree = "<group>";
		};
		2A377AAD18D887C500D6FE6C /* Supporting Files */ = {
			isa = PBXGroup;
			children = (
				2A377AAE18D887C500D6FE6C /* SleepDive-Info.plist */,
				2A377AAF18D887C500D6FE6C /* InfoPlist.strings */,
				2AB14FB518F3DB550021378C /* level1.plist */,
				2A377AB218D887C500D6FE6C /* main.m */,
				2A377AB418D887C500D6FE6C /* SleepDive-Prefix.pch */,
			);
			name = "Supporting Files";
			sourceTree = "<group>";
		};
		2A377AD018D887C500D6FE6C /* SleepDiveTests */ = {
			isa = PBXGroup;
			children = (
				2A377AD618D887C500D6FE6C /* SleepDiveTests.m */,
				2A377AD118D887C500D6FE6C /* Supporting Files */,
			);
			path = SleepDiveTests;
			sourceTree = "<group>";
		};
		2A377AD118D887C500D6FE6C /* Supporting Files */ = {
			isa = PBXGroup;
			children = (
				2A377AD218D887C500D6FE6C /* SleepDiveTests-Info.plist */,
				2A377AD318D887C500D6FE6C /* InfoPlist.strings */,
			);
			name = "Supporting Files";
			sourceTree = "<group>";
		};
		2AB14FA218F3CF810021378C /* SKTUtils */ = {
			isa = PBXGroup;
			children = (
				2AB14FA318F3CF810021378C /* SKAction+SKTExtras.h */,
				2AB14FA418F3CF810021378C /* SKAction+SKTExtras.m */,
				2AB14FA518F3CF810021378C /* SKEmitterNode+SKTExtras.h */,
				2AB14FA618F3CF810021378C /* SKEmitterNode+SKTExtras.m */,
				2AB14FA718F3CF810021378C /* SKNode+SKTExtras.h */,
				2AB14FA818F3CF810021378C /* SKNode+SKTExtras.m */,
				2AB14FA918F3CF810021378C /* SKTAudio.h */,
				2AB14FAA18F3CF810021378C /* SKTAudio.m */,
				2AB14FAB18F3CF810021378C /* SKTUtils.h */,
				2AB14FAC18F3CF810021378C /* SKTUtils.mm */,
			);
			path = SKTUtils;
			sourceTree = "<group>";
		};
		2AB14FB218F3CFAD0021378C /* sounds */ = {
			isa = PBXGroup;
			children = (
				2AB14FB318F3CFAD0021378C /* bgmusic.mp3 */,
			);
			path = sounds;
			sourceTree = "<group>";
		};
/* End PBXGroup section */

/* Begin PBXNativeTarget section */
		2A377AA018D887C500D6FE6C /* SleepDive */ = {
			isa = PBXNativeTarget;
			buildConfigurationList = 2A377ADA18D887C500D6FE6C /* Build configuration list for PBXNativeTarget "SleepDive" */;
			buildPhases = (
				2A377A9D18D887C500D6FE6C /* Sources */,
				2A377A9E18D887C500D6FE6C /* Frameworks */,
				2A377A9F18D887C500D6FE6C /* Resources */,
			);
			buildRules = (
			);
			dependencies = (
			);
			name = SleepDive;
			productName = SleepDive;
			productReference = 2A377AA118D887C500D6FE6C /* SleepDive.app */;
			productType = "com.apple.product-type.application";
		};
		2A377AC818D887C500D6FE6C /* SleepDiveTests */ = {
			isa = PBXNativeTarget;
			buildConfigurationList = 2A377ADD18D887C500D6FE6C /* Build configuration list for PBXNativeTarget "SleepDiveTests" */;
			buildPhases = (
				2A377AC518D887C500D6FE6C /* Sources */,
				2A377AC618D887C500D6FE6C /* Frameworks */,
				2A377AC718D887C500D6FE6C /* Resources */,
			);
			buildRules = (
			);
			dependencies = (
				2A377ACF18D887C500D6FE6C /* PBXTargetDependency */,
			);
			name = SleepDiveTests;
			productName = SleepDiveTests;
			productReference = 2A377AC918D887C500D6FE6C /* SleepDiveTests.xctest */;
			productType = "com.apple.product-type.bundle.unit-test";
		};
/* End PBXNativeTarget section */

/* Begin PBXProject section */
		2A377A9918D887C500D6FE6C /* Project object */ = {
			isa = PBXProject;
			attributes = {
				LastUpgradeCheck = 0510;
				ORGANIZATIONNAME = "Xiaoqi Liu";
				TargetAttributes = {
					2A377AC818D887C500D6FE6C = {
						TestTargetID = 2A377AA018D887C500D6FE6C;
					};
				};
			};
			buildConfigurationList = 2A377A9C18D887C500D6FE6C /* Build configuration list for PBXProject "SleepDive" */;
			compatibilityVersion = "Xcode 3.2";
			developmentRegion = English;
			hasScannedForEncodings = 0;
			knownRegions = (
				en,
				Base,
			);
			mainGroup = 2A377A9818D887C500D6FE6C;
			productRefGroup = 2A377AA218D887C500D6FE6C /* Products */;
			projectDirPath = "";
			projectRoot = "";
			targets = (
				2A377AA018D887C500D6FE6C /* SleepDive */,
				2A377AC818D887C500D6FE6C /* SleepDiveTests */,
			);
		};
/* End PBXProject section */

/* Begin PBXResourcesBuildPhase section */
		2A377A9F18D887C500D6FE6C /* Resources */ = {
			isa = PBXResourcesBuildPhase;
			buildActionMask = 2147483647;
			files = (
				2AB14FB418F3CFAD0021378C /* bgmusic.mp3 in Resources */,
				2A377AB118D887C500D6FE6C /* InfoPlist.strings in Resources */,
				2A377AC418D887C500D6FE6C /* Images.xcassets in Resources */,
				2AB14FB618F3DB550021378C /* level1.plist in Resources */,
				2A377AC218D887C500D6FE6C /* Spaceship.png in Resources */,
				2A377ABA18D887C500D6FE6C /* Main.storyboard in Resources */,
			);
			runOnlyForDeploymentPostprocessing = 0;
		};
		2A377AC718D887C500D6FE6C /* Resources */ = {
			isa = PBXResourcesBuildPhase;
			buildActionMask = 2147483647;
			files = (
				2A377AD518D887C500D6FE6C /* InfoPlist.strings in Resources */,
			);
			runOnlyForDeploymentPostprocessing = 0;
		};
/* End PBXResourcesBuildPhase section */

/* Begin PBXSourcesBuildPhase section */
		2A377A9D18D887C500D6FE6C /* Sources */ = {
			isa = PBXSourcesBuildPhase;
			buildActionMask = 2147483647;
			files = (
				2A377AC018D887C500D6FE6C /* MyScene.m in Sources */,
				2AB14FB018F3CF810021378C /* SKTAudio.m in Sources */,
				2A377ABD18D887C500D6FE6C /* ViewController.m in Sources */,
				2AB14FAE18F3CF810021378C /* SKEmitterNode+SKTExtras.m in Sources */,
				2AB14FB118F3CF810021378C /* SKTUtils.mm in Sources */,
				2AB14FAD18F3CF810021378C /* SKAction+SKTExtras.m in Sources */,
				2A377AB718D887C500D6FE6C /* AppDelegate.m in Sources */,
				2AB14FAF18F3CF810021378C /* SKNode+SKTExtras.m in Sources */,
				2A377AB318D887C500D6FE6C /* main.m in Sources */,
			);
			runOnlyForDeploymentPostprocessing = 0;
		};
		2A377AC518D887C500D6FE6C /* Sources */ = {
			isa = PBXSourcesBuildPhase;
			buildActionMask = 2147483647;
			files = (
				2A377AD718D887C500D6FE6C /* SleepDiveTests.m in Sources */,
			);
			runOnlyForDeploymentPostprocessing = 0;
		};
/* End PBXSourcesBuildPhase section */

/* Begin PBXTargetDependency section */
		2A377ACF18D887C500D6FE6C /* PBXTargetDependency */ = {
			isa = PBXTargetDependency;
			target = 2A377AA018D887C500D6FE6C /* SleepDive */;
			targetProxy = 2A377ACE18D887C500D6FE6C /* PBXContainerItemProxy */;
		};
/* End PBXTargetDependency section */

/* Begin PBXVariantGroup section */
		2A377AAF18D887C500D6FE6C /* InfoPlist.strings */ = {
			isa = PBXVariantGroup;
			children = (
				2A377AB018D887C500D6FE6C /* en */,
			);
			name = InfoPlist.strings;
			sourceTree = "<group>";
		};
		2A377AB818D887C500D6FE6C /* Main.storyboard */ = {
			isa = PBXVariantGroup;
			children = (
				2A377AB918D887C500D6FE6C /* Base */,
			);
			name = Main.storyboard;
			sourceTree = "<group>";
		};
		2A377AD318D887C500D6FE6C /* InfoPlist.strings */ = {
			isa = PBXVariantGroup;
			children = (
				2A377AD418D887C500D6FE6C /* en */,
			);
			name = InfoPlist.strings;
			sourceTree = "<group>";
		};
/* End PBXVariantGroup section */

/* Begin XCBuildConfiguration section */
		2A377AD818D887C500D6FE6C /* Debug */ = {
			isa = XCBuildConfiguration;
			buildSettings = {
				ALWAYS_SEARCH_USER_PATHS = NO;
				CLANG_CXX_LANGUAGE_STANDARD = "gnu++0x";
				CLANG_CXX_LIBRARY = "libc++";
				CLANG_ENABLE_MODULES = YES;
				CLANG_ENABLE_OBJC_ARC = YES;
				CLANG_WARN_BOOL_CONVERSION = YES;
				CLANG_WARN_CONSTANT_CONVERSION = YES;
				CLANG_WARN_DIRECT_OBJC_ISA_USAGE = YES_ERROR;
				CLANG_WARN_EMPTY_BODY = YES;
				CLANG_WARN_ENUM_CONVERSION = YES;
				CLANG_WARN_INT_CONVERSION = YES;
				CLANG_WARN_OBJC_ROOT_CLASS = YES_ERROR;
				CLANG_WARN__DUPLICATE_METHOD_MATCH = YES;
				"CODE_SIGN_IDENTITY[sdk=iphoneos*]" = "iPhone Developer";
				COPY_PHASE_STRIP = NO;
				GCC_C_LANGUAGE_STANDARD = gnu99;
				GCC_DYNAMIC_NO_PIC = NO;
				GCC_OPTIMIZATION_LEVEL = 0;
				GCC_PREPROCESSOR_DEFINITIONS = (
					"DEBUG=1",
					"$(inherited)",
				);
				GCC_SYMBOLS_PRIVATE_EXTERN = NO;
				GCC_WARN_64_TO_32_BIT_CONVERSION = YES;
				GCC_WARN_ABOUT_RETURN_TYPE = YES_ERROR;
				GCC_WARN_UNDECLARED_SELECTOR = YES;
				GCC_WARN_UNINITIALIZED_AUTOS = YES_AGGRESSIVE;
				GCC_WARN_UNUSED_FUNCTION = YES;
				GCC_WARN_UNUSED_VARIABLE = YES;
				IPHONEOS_DEPLOYMENT_TARGET = 7.1;
				ONLY_ACTIVE_ARCH = YES;
				SDKROOT = iphoneos;
			};
			name = Debug;
		};
		2A377AD918D887C500D6FE6C /* Release */ = {
			isa = XCBuildConfiguration;
			buildSettings = {
				ALWAYS_SEARCH_USER_PATHS = NO;
				CLANG_CXX_LANGUAGE_STANDARD = "gnu++0x";
				CLANG_CXX_LIBRARY = "libc++";
				CLANG_ENABLE_MODULES = YES;
				CLANG_ENABLE_OBJC_ARC = YES;
				CLANG_WARN_BOOL_CONVERSION = YES;
				CLANG_WARN_CONSTANT_CONVERSION = YES;
				CLANG_WARN_DIRECT_OBJC_ISA_USAGE = YES_ERROR;
				CLANG_WARN_EMPTY_BODY = YES;
				CLANG_WARN_ENUM_CONVERSION = YES;
				CLANG_WARN_INT_CONVERSION = YES;
				CLANG_WARN_OBJC_ROOT_CLASS = YES_ERROR;
				CLANG_WARN__DUPLICATE_METHOD_MATCH = YES;
				"CODE_SIGN_IDENTITY[sdk=iphoneos*]" = "iPhone Developer";
				COPY_PHASE_STRIP = YES;
				ENABLE_NS_ASSERTIONS = NO;
				GCC_C_LANGUAGE_STANDARD = gnu99;
				GCC_WARN_64_TO_32_BIT_CONVERSION = YES;
				GCC_WARN_ABOUT_RETURN_TYPE = YES_ERROR;
				GCC_WARN_UNDECLARED_SELECTOR = YES;
				GCC_WARN_UNINITIALIZED_AUTOS = YES_AGGRESSIVE;
				GCC_WARN_UNUSED_FUNCTION = YES;
				GCC_WARN_UNUSED_VARIABLE = YES;
				IPHONEOS_DEPLOYMENT_TARGET = 7.1;
				SDKROOT = iphoneos;
				VALIDATE_PRODUCT = YES;
			};
			name = Release;
		};
		2A377ADB18D887C500D6FE6C /* Debug */ = {
			isa = XCBuildConfiguration;
			buildSettings = {
				ASSETCATALOG_COMPILER_APPICON_NAME = AppIcon;
				ASSETCATALOG_COMPILER_LAUNCHIMAGE_NAME = LaunchImage;
				GCC_PRECOMPILE_PREFIX_HEADER = YES;
				GCC_PREFIX_HEADER = "SleepDive/SleepDive-Prefix.pch";
				INFOPLIST_FILE = "SleepDive/SleepDive-Info.plist";
				PRODUCT_NAME = "$(TARGET_NAME)";
				SPRITEKIT_TEXTURE_ATLAS_OUTPUT = YES;
				WRAPPER_EXTENSION = app;
			};
			name = Debug;
		};
		2A377ADC18D887C500D6FE6C /* Release */ = {
			isa = XCBuildConfiguration;
			buildSettings = {
				ASSETCATALOG_COMPILER_APPICON_NAME = AppIcon;
				ASSETCATALOG_COMPILER_LAUNCHIMAGE_NAME = LaunchImage;
				GCC_PRECOMPILE_PREFIX_HEADER = YES;
				GCC_PREFIX_HEADER = "SleepDive/SleepDive-Prefix.pch";
				INFOPLIST_FILE = "SleepDive/SleepDive-Info.plist";
				PRODUCT_NAME = "$(TARGET_NAME)";
				SPRITEKIT_TEXTURE_ATLAS_OUTPUT = YES;
				WRAPPER_EXTENSION = app;
			};
			name = Release;
		};
		2A377ADE18D887C500D6FE6C /* Debug */ = {
			isa = XCBuildConfiguration;
			buildSettings = {
				BUNDLE_LOADER = "$(BUILT_PRODUCTS_DIR)/SleepDive.app/SleepDive";
				FRAMEWORK_SEARCH_PATHS = (
					"$(SDKROOT)/Developer/Library/Frameworks",
					"$(inherited)",
					"$(DEVELOPER_FRAMEWORKS_DIR)",
				);
				GCC_PRECOMPILE_PREFIX_HEADER = YES;
				GCC_PREFIX_HEADER = "SleepDive/SleepDive-Prefix.pch";
				GCC_PREPROCESSOR_DEFINITIONS = (
					"DEBUG=1",
					"$(inherited)",
				);
				INFOPLIST_FILE = "SleepDiveTests/SleepDiveTests-Info.plist";
				PRODUCT_NAME = "$(TARGET_NAME)";
				TEST_HOST = "$(BUNDLE_LOADER)";
				WRAPPER_EXTENSION = xctest;
			};
			name = Debug;
		};
		2A377ADF18D887C500D6FE6C /* Release */ = {
			isa = XCBuildConfiguration;
			buildSettings = {
				BUNDLE_LOADER = "$(BUILT_PRODUCTS_DIR)/SleepDive.app/SleepDive";
				FRAMEWORK_SEARCH_PATHS = (
					"$(SDKROOT)/Developer/Library/Frameworks",
					"$(inherited)",
					"$(DEVELOPER_FRAMEWORKS_DIR)",
				);
				GCC_PRECOMPILE_PREFIX_HEADER = YES;
				GCC_PREFIX_HEADER = "SleepDive/SleepDive-Prefix.pch";
				INFOPLIST_FILE = "SleepDiveTests/SleepDiveTests-Info.plist";
				PRODUCT_NAME = "$(TARGET_NAME)";
				TEST_HOST = "$(BUNDLE_LOADER)";
				WRAPPER_EXTENSION = xctest;
			};
			name = Release;
		};
/* End XCBuildConfiguration section */

/* Begin XCConfigurationList section */
		2A377A9C18D887C500D6FE6C /* Build configuration list for PBXProject "SleepDive" */ = {
			isa = XCConfigurationList;
			buildConfigurations = (
				2A377AD818D887C500D6FE6C /* Debug */,
				2A377AD918D887C500D6FE6C /* Release */,
			);
			defaultConfigurationIsVisible = 0;
			defaultConfigurationName = Release;
		};
		2A377ADA18D887C500D6FE6C /* Build configuration list for PBXNativeTarget "SleepDive" */ = {
			isa = XCConfigurationList;
			buildConfigurations = (
				2A377ADB18D887C500D6FE6C /* Debug */,
				2A377ADC18D887C500D6FE6C /* Release */,
			);
			defaultConfigurationIsVisible = 0;
			defaultConfigurationName = Release;
		};
		2A377ADD18D887C500D6FE6C /* Build configuration list for PBXNativeTarget "SleepDiveTests" */ = {
			isa = XCConfigurationList;
			buildConfigurations = (
				2A377ADE18D887C500D6FE6C /* Debug */,
				2A377ADF18D887C500D6FE6C /* Release */,
			);
			defaultConfigurationIsVisible = 0;
			defaultConfigurationName = Release;
		};
/* End XCConfigurationList section */
	};
	rootObject = 2A377A9918D887C500D6FE6C /* Project object */;
}
